
Microsoft Visual Studio Solution File, Format Version 12.00
# Visual Studio Version 17
VisualStudioVersion = 17.9.34728.123
MinimumVisualStudioVersion = 10.0.40219.1
Project("{8BC9CEB8-8B4A-11D0-8D11-00A0C91BC942}") = "PointerSatu", "PointerSatu\PointerSatu.vcxproj", "{C0C07DF0-E1B3-4625-876E-0E853A319832}"
EndProject
Project("{8BC9CEB8-8B4A-11D0-8D11-00A0C91BC942}") = "PointerDua", "PointerDua\PointerDua.vcxproj", "{98A2A3BF-BC4A-4B1E-BFE7-5A2BECD8605B}"
EndProject
Project("{8BC9CEB8-8B4A-11D0-8D11-00A0C91BC942}") = "FriendClassSatu", "FriendClassSatu\FriendClassSatu.vcxproj", "{88058B6E-72C3-4147-9E1D-BDB57AC824BD}"
EndProject
Global
	GlobalSection(SolutionConfigurationPlatforms) = preSolution
		Debug|x64 = Debug|x64
		Debug|x86 = Debug|x86
		Release|x64 = Release|x64
		Release|x86 = Release|x86
	EndGlobalSection
	GlobalSection(ProjectConfigurationPlatforms) = postSolution
		{C0C07DF0-E1B3-4625-876E-0E853A319832}.Debug|x64.ActiveCfg = Debug|x64
		{C0C07DF0-E1B3-4625-876E-0E853A319832}.Debug|x64.Build.0 = Debug|x64
		{C0C07DF0-E1B3-4625-876E-0E853A319832}.Debug|x86.ActiveCfg = Debug|Win32
		{C0C07DF0-E1B3-4625-876E-0E853A319832}.Debug|x86.Build.0 = Debug|Win32
		{C0C07DF0-E1B3-4625-876E-0E853A319832}.Release|x64.ActiveCfg = Release|x64
		{C0C07DF0-E1B3-4625-876E-0E853A319832}.Release|x64.Build.0 = Release|x64
		{C0C07DF0-E1B3-4625-876E-0E853A319832}.Release|x86.ActiveCfg = Release|Win32
		{C0C07DF0-E1B3-4625-876E-0E853A319832}.Release|x86.Build.0 = Release|Win32
		{98A2A3BF-BC4A-4B1E-BFE7-5A2BECD8605B}.Debug|x64.ActiveCfg = Debug|x64
		{98A2A3BF-BC4A-4B1E-BFE7-5A2BECD8605B}.Debug|x64.Build.0 = Debug|x64
		{98A2A3BF-BC4A-4B1E-BFE7-5A2BECD8605B}.Debug|x86.ActiveCfg = Debug|Win32
		{98A2A3BF-BC4A-4B1E-BFE7-5A2BECD8605B}.Debug|x86.Build.0 = Debug|Win32
		{98A2A3BF-BC4A-4B1E-BFE7-5A2BECD8605B}.Release|x64.ActiveCfg = Release|x64
		{98A2A3BF-BC4A-4B1E-BFE7-5A2BECD8605B}.Release|x64.Build.0 = Release|x64
		{98A2A3BF-BC4A-4B1E-BFE7-5A2BECD8605B}.Release|x86.ActiveCfg = Release|Win32
		{98A2A3BF-BC4A-4B1E-BFE7-5A2BECD8605B}.Release|x86.Build.0 = Release|Win32
		{88058B6E-72C3-4147-9E1D-BDB57AC824BD}.Debug|x64.ActiveCfg = Debug|x64
		{88058B6E-72C3-4147-9E1D-BDB57AC824BD}.Debug|x64.Build.0 = Debug|x64
		{88058B6E-72C3-4147-9E1D-BDB57AC824BD}.Debug|x86.ActiveCfg = Debug|Win32
		{88058B6E-72C3-4147-9E1D-BDB57AC824BD}.Debug|x86.Build.0 = Debug|Win32
		{88058B6E-72C3-4147-9E1D-BDB57AC824BD}.Release|x64.ActiveCfg = Release|x64
		{88058B6E-72C3-4147-9E1D-BDB57AC824BD}.Release|x64.Build.0 = Release|x64
		{88058B6E-72C3-4147-9E1D-BDB57AC824BD}.Release|x86.ActiveCfg = Release|Win32
		{88058B6E-72C3-4147-9E1D-BDB57AC824BD}.Release|x86.Build.0 = Release|Win32
	EndGlobalSection
	GlobalSection(SolutionProperties) = preSolution
		HideSolutionNode = FALSE
	EndGlobalSection
	GlobalSection(ExtensibilityGlobals) = postSolution
		SolutionGuid = {79E51865-F676-42AD-AC7C-4BBFA933CD1D}
	EndGlobalSection
EndGlobal
